
Microsoft Visual Studio Solution File, Format Version 12.00
# Visual Studio 15
VisualStudioVersion = 15.0.28307.572
MinimumVisualStudioVersion = 10.0.40219.1
Project("{FAE04EC0-301F-11D3-BF4B-00C04F79EFBC}") = "BudgetPlannerMainWPF", "BudgetPlannerMainWPF\BudgetPlannerMainWPF.csproj", "{364C4824-38CC-4FB4-A4F1-5D64E5E1EAF1}"
EndProject
Global
	GlobalSection(SolutionConfigurationPlatforms) = preSolution
		Debug|Any CPU = Debug|Any CPU
		Release|Any CPU = Release|Any CPU
	EndGlobalSection
	GlobalSection(ProjectConfigurationPlatforms) = postSolution
		{364C4824-38CC-4FB4-A4F1-5D64E5E1EAF1}.Debug|Any CPU.ActiveCfg = Debug|Any CPU
		{364C4824-38CC-4FB4-A4F1-5D64E5E1EAF1}.Debug|Any CPU.Build.0 = Debug|Any CPU
		{364C4824-38CC-4FB4-A4F1-5D64E5E1EAF1}.Release|Any CPU.ActiveCfg = Release|Any CPU
		{364C4824-38CC-4FB4-A4F1-5D64E5E1EAF1}.Release|Any CPU.Build.0 = Release|Any CPU
	EndGlobalSection
	GlobalSection(SolutionProperties) = preSolution
		HideSolutionNode = FALSE
	EndGlobalSection
	GlobalSection(ExtensibilityGlobals) = postSolution
		SolutionGuid = {26FDED21-D0A8-4EE0-9C68-FDF4C9D29A7E}
	EndGlobalSection
EndGlobal
