
Microsoft Visual Studio Solution File, Format Version 12.00
# Visual Studio 15
VisualStudioVersion = 15.0.28307.572
MinimumVisualStudioVersion = 10.0.40219.1
Project("{FAE04EC0-301F-11D3-BF4B-00C04F79EFBC}") = "BudgetPlannerMainWPF", "BudgetPlannerMainWPF\BudgetPlannerMainWPF.csproj", "{364C4824-38CC-4FB4-A4F1-5D64E5E1EAF1}"
EndProject
Project("{FAE04EC0-301F-11D3-BF4B-00C04F79EFBC}") = "BudgetPlannerLib", "BudgetPlannerLib\BudgetPlannerLib.csproj", "{2162E53E-A177-4DA2-8D40-B4F6478A7AB2}"
EndProject
Project("{2150E333-8FDC-42A3-9474-1A3956D46DE8}") = "Solution Items", "Solution Items", "{AECE9AAF-F66C-47D5-A4D5-71A1B7FDDF90}"
	ProjectSection(SolutionItems) = preProject
		Messages.txt = Messages.txt
	EndProjectSection
EndProject
Project("{FAE04EC0-301F-11D3-BF4B-00C04F79EFBC}") = "XMLParsingLibrary", "..\..\..\source\repos\Exploration\XMLReaderConstruction\XMLParsingLibrary\XMLParsingLibrary.csproj", "{35A899F2-C233-4E4F-9323-8395C89D7A92}"
EndProject
Project("{2150E333-8FDC-42A3-9474-1A3956D46DE8}") = "ExceptionLogFolder", "ExceptionLogFolder", "{3BF1A113-7A9A-4D07-B014-E8EEFA0F2FE8}"
EndProject
Global
	GlobalSection(SolutionConfigurationPlatforms) = preSolution
		Debug|Any CPU = Debug|Any CPU
		Release|Any CPU = Release|Any CPU
	EndGlobalSection
	GlobalSection(ProjectConfigurationPlatforms) = postSolution
		{364C4824-38CC-4FB4-A4F1-5D64E5E1EAF1}.Debug|Any CPU.ActiveCfg = Debug|Any CPU
		{364C4824-38CC-4FB4-A4F1-5D64E5E1EAF1}.Debug|Any CPU.Build.0 = Debug|Any CPU
		{364C4824-38CC-4FB4-A4F1-5D64E5E1EAF1}.Release|Any CPU.ActiveCfg = Release|Any CPU
		{364C4824-38CC-4FB4-A4F1-5D64E5E1EAF1}.Release|Any CPU.Build.0 = Release|Any CPU
		{2162E53E-A177-4DA2-8D40-B4F6478A7AB2}.Debug|Any CPU.ActiveCfg = Debug|Any CPU
		{2162E53E-A177-4DA2-8D40-B4F6478A7AB2}.Debug|Any CPU.Build.0 = Debug|Any CPU
		{2162E53E-A177-4DA2-8D40-B4F6478A7AB2}.Release|Any CPU.ActiveCfg = Release|Any CPU
		{2162E53E-A177-4DA2-8D40-B4F6478A7AB2}.Release|Any CPU.Build.0 = Release|Any CPU
		{35A899F2-C233-4E4F-9323-8395C89D7A92}.Debug|Any CPU.ActiveCfg = Debug|Any CPU
		{35A899F2-C233-4E4F-9323-8395C89D7A92}.Debug|Any CPU.Build.0 = Debug|Any CPU
		{35A899F2-C233-4E4F-9323-8395C89D7A92}.Release|Any CPU.ActiveCfg = Release|Any CPU
		{35A899F2-C233-4E4F-9323-8395C89D7A92}.Release|Any CPU.Build.0 = Release|Any CPU
	EndGlobalSection
	GlobalSection(SolutionProperties) = preSolution
		HideSolutionNode = FALSE
	EndGlobalSection
	GlobalSection(ExtensibilityGlobals) = postSolution
		SolutionGuid = {26FDED21-D0A8-4EE0-9C68-FDF4C9D29A7E}
	EndGlobalSection
EndGlobal
